// !$*UTF8*$!
{
	archiveVersion = 1;
	classes = {
	};
	objectVersion = 55;
	objects = {

/* Begin PBXBuildFile section */
		2C5DF528273B377800888E65 /* AppDelegate.swift in Sources */ = {isa = PBXBuildFile; fileRef = 2C5DF527273B377800888E65 /* AppDelegate.swift */; };
		2C5DF52A273B377800888E65 /* SceneDelegate.swift in Sources */ = {isa = PBXBuildFile; fileRef = 2C5DF529273B377800888E65 /* SceneDelegate.swift */; };
		2C5DF52C273B377800888E65 /* ViewController.swift in Sources */ = {isa = PBXBuildFile; fileRef = 2C5DF52B273B377800888E65 /* ViewController.swift */; };
		2C5DF52F273B377800888E65 /* Main.storyboard in Resources */ = {isa = PBXBuildFile; fileRef = 2C5DF52D273B377800888E65 /* Main.storyboard */; };
		2C5DF531273B377A00888E65 /* Assets.xcassets in Resources */ = {isa = PBXBuildFile; fileRef = 2C5DF530273B377A00888E65 /* Assets.xcassets */; };
		2C5DF534273B377A00888E65 /* LaunchScreen.storyboard in Resources */ = {isa = PBXBuildFile; fileRef = 2C5DF532273B377A00888E65 /* LaunchScreen.storyboard */; };
		2CC0F70F273BD5950086F647 /* QuestionViewController.swift in Sources */ = {isa = PBXBuildFile; fileRef = 2CC0F70E273BD5950086F647 /* QuestionViewController.swift */; };
		2CC0F711273BDC8F0086F647 /* FinalViewController.swift in Sources */ = {isa = PBXBuildFile; fileRef = 2CC0F710273BDC8F0086F647 /* FinalViewController.swift */; };
		2CC0F713273BF0890086F647 /* Question.swift in Sources */ = {isa = PBXBuildFile; fileRef = 2CC0F712273BF0890086F647 /* Question.swift */; };
		2CC0F715273BF0A00086F647 /* Answer.swift in Sources */ = {isa = PBXBuildFile; fileRef = 2CC0F714273BF0A00086F647 /* Answer.swift */; };
/* End PBXBuildFile section */

/* Begin PBXFileReference section */
		2C5DF524273B377800888E65 /* AnimalQuiz.app */ = {isa = PBXFileReference; explicitFileType = wrapper.application; includeInIndex = 0; path = AnimalQuiz.app; sourceTree = BUILT_PRODUCTS_DIR; };
		2C5DF527273B377800888E65 /* AppDelegate.swift */ = {isa = PBXFileReference; lastKnownFileType = sourcecode.swift; path = AppDelegate.swift; sourceTree = "<group>"; };
		2C5DF529273B377800888E65 /* SceneDelegate.swift */ = {isa = PBXFileReference; lastKnownFileType = sourcecode.swift; path = SceneDelegate.swift; sourceTree = "<group>"; };
		2C5DF52B273B377800888E65 /* ViewController.swift */ = {isa = PBXFileReference; lastKnownFileType = sourcecode.swift; path = ViewController.swift; sourceTree = "<group>"; };
		2C5DF52E273B377800888E65 /* Base */ = {isa = PBXFileReference; lastKnownFileType = file.storyboard; name = Base; path = Base.lproj/Main.storyboard; sourceTree = "<group>"; };
		2C5DF530273B377A00888E65 /* Assets.xcassets */ = {isa = PBXFileReference; lastKnownFileType = folder.assetcatalog; path = Assets.xcassets; sourceTree = "<group>"; };
		2C5DF533273B377A00888E65 /* Base */ = {isa = PBXFileReference; lastKnownFileType = file.storyboard; name = Base; path = Base.lproj/LaunchScreen.storyboard; sourceTree = "<group>"; };
		2C5DF535273B377A00888E65 /* Info.plist */ = {isa = PBXFileReference; lastKnownFileType = text.plist.xml; path = Info.plist; sourceTree = "<group>"; };
		2CC0F70E273BD5950086F647 /* QuestionViewController.swift */ = {isa = PBXFileReference; lastKnownFileType = sourcecode.swift; path = QuestionViewController.swift; sourceTree = "<group>"; };
		2CC0F710273BDC8F0086F647 /* FinalViewController.swift */ = {isa = PBXFileReference; lastKnownFileType = sourcecode.swift; path = FinalViewController.swift; sourceTree = "<group>"; };
		2CC0F712273BF0890086F647 /* Question.swift */ = {isa = PBXFileReference; lastKnownFileType = sourcecode.swift; path = Question.swift; sourceTree = "<group>"; };
		2CC0F714273BF0A00086F647 /* Answer.swift */ = {isa = PBXFileReference; lastKnownFileType = sourcecode.swift; path = Answer.swift; sourceTree = "<group>"; };
/* End PBXFileReference section */

/* Begin PBXFrameworksBuildPhase section */
		2C5DF521273B377800888E65 /* Frameworks */ = {
			isa = PBXFrameworksBuildPhase;
			buildActionMask = 2147483647;
			files = (
			);
			runOnlyForDeploymentPostprocessing = 0;
		};
/* End PBXFrameworksBuildPhase section */

/* Begin PBXGroup section */
		2C5DF51B273B377800888E65 = {
			isa = PBXGroup;
			children = (
				2C5DF526273B377800888E65 /* AnimalQuiz */,
				2C5DF525273B377800888E65 /* Products */,
			);
			sourceTree = "<group>";
		};
		2C5DF525273B377800888E65 /* Products */ = {
			isa = PBXGroup;
			children = (
				2C5DF524273B377800888E65 /* AnimalQuiz.app */,
			);
			name = Products;
			sourceTree = "<group>";
		};
		2C5DF526273B377800888E65 /* AnimalQuiz */ = {
			isa = PBXGroup;
			children = (
				2C5DF540273B3F2F00888E65 /* Resources */,
				2C5DF53F273B3F0F00888E65 /* Models */,
				2C5DF53D273B3EC600888E65 /* View Controllers */,
				2C5DF53C273B3E8300888E65 /* Supporting files */,
				2C5DF53B273B3DA100888E65 /* Storyboards */,
			);
			path = AnimalQuiz;
			sourceTree = "<group>";
		};
		2C5DF53B273B3DA100888E65 /* Storyboards */ = {
			isa = PBXGroup;
			children = (
				2C5DF52D273B377800888E65 /* Main.storyboard */,
				2C5DF532273B377A00888E65 /* LaunchScreen.storyboard */,
			);
			path = Storyboards;
			sourceTree = "<group>";
		};
		2C5DF53C273B3E8300888E65 /* Supporting files */ = {
			isa = PBXGroup;
			children = (
				2C5DF527273B377800888E65 /* AppDelegate.swift */,
				2C5DF529273B377800888E65 /* SceneDelegate.swift */,
				2C5DF535273B377A00888E65 /* Info.plist */,
			);
			path = "Supporting files";
			sourceTree = "<group>";
		};
		2C5DF53D273B3EC600888E65 /* View Controllers */ = {
			isa = PBXGroup;
			children = (
				2C5DF52B273B377800888E65 /* ViewController.swift */,
				2CC0F70E273BD5950086F647 /* QuestionViewController.swift */,
				2CC0F710273BDC8F0086F647 /* FinalViewController.swift */,
			);
			path = "View Controllers";
			sourceTree = "<group>";
		};
		2C5DF53F273B3F0F00888E65 /* Models */ = {
			isa = PBXGroup;
			children = (
				2CC0F712273BF0890086F647 /* Question.swift */,
				2CC0F714273BF0A00086F647 /* Answer.swift */,
			);
			path = Models;
			sourceTree = "<group>";
		};
		2C5DF540273B3F2F00888E65 /* Resources */ = {
			isa = PBXGroup;
			children = (
				2C5DF530273B377A00888E65 /* Assets.xcassets */,
			);
			path = Resources;
			sourceTree = "<group>";
		};
/* End PBXGroup section */

/* Begin PBXNativeTarget section */
		2C5DF523273B377800888E65 /* AnimalQuiz */ = {
			isa = PBXNativeTarget;
			buildConfigurationList = 2C5DF538273B377A00888E65 /* Build configuration list for PBXNativeTarget "AnimalQuiz" */;
			buildPhases = (
				2C5DF520273B377800888E65 /* Sources */,
				2C5DF521273B377800888E65 /* Frameworks */,
				2C5DF522273B377800888E65 /* Resources */,
			);
			buildRules = (
			);
			dependencies = (
			);
			name = AnimalQuiz;
			productName = AnimalQuiz;
			productReference = 2C5DF524273B377800888E65 /* AnimalQuiz.app */;
			productType = "com.apple.product-type.application";
		};
/* End PBXNativeTarget section */

/* Begin PBXProject section */
		2C5DF51C273B377800888E65 /* Project object */ = {
			isa = PBXProject;
			attributes = {
				BuildIndependentTargetsInParallel = 1;
				LastSwiftUpdateCheck = 1310;
				LastUpgradeCheck = 1310;
				TargetAttributes = {
					2C5DF523273B377800888E65 = {
						CreatedOnToolsVersion = 13.1;
					};
				};
			};
			buildConfigurationList = 2C5DF51F273B377800888E65 /* Build configuration list for PBXProject "AnimalQuiz" */;
			compatibilityVersion = "Xcode 13.0";
			developmentRegion = en;
			hasScannedForEncodings = 0;
			knownRegions = (
				en,
				Base,
			);
			mainGroup = 2C5DF51B273B377800888E65;
			productRefGroup = 2C5DF525273B377800888E65 /* Products */;
			projectDirPath = "";
			projectRoot = "";
			targets = (
				2C5DF523273B377800888E65 /* AnimalQuiz */,
			);
		};
/* End PBXProject section */

/* Begin PBXResourcesBuildPhase section */
		2C5DF522273B377800888E65 /* Resources */ = {
			isa = PBXResourcesBuildPhase;
			buildActionMask = 2147483647;
			files = (
				2C5DF534273B377A00888E65 /* LaunchScreen.storyboard in Resources */,
				2C5DF531273B377A00888E65 /* Assets.xcassets in Resources */,
				2C5DF52F273B377800888E65 /* Main.storyboard in Resources */,
			);
			runOnlyForDeploymentPostprocessing = 0;
		};
/* End PBXResourcesBuildPhase section */

/* Begin PBXSourcesBuildPhase section */
		2C5DF520273B377800888E65 /* Sources */ = {
			isa = PBXSourcesBuildPhase;
			buildActionMask = 2147483647;
			files = (
				2CC0F711273BDC8F0086F647 /* FinalViewController.swift in Sources */,
				2C5DF52C273B377800888E65 /* ViewController.swift in Sources */,
				2C5DF528273B377800888E65 /* AppDelegate.swift in Sources */,
				2CC0F715273BF0A00086F647 /* Answer.swift in Sources */,
				2CC0F713273BF0890086F647 /* Question.swift in Sources */,
				2CC0F70F273BD5950086F647 /* QuestionViewController.swift in Sources */,
				2C5DF52A273B377800888E65 /* SceneDelegate.swift in Sources */,
			);
			runOnlyForDeploymentPostprocessing = 0;
		};
/* End PBXSourcesBuildPhase section */

/* Begin PBXVariantGroup section */
		2C5DF52D273B377800888E65 /* Main.storyboard */ = {
			isa = PBXVariantGroup;
			children = (
				2C5DF52E273B377800888E65 /* Base */,
			);
			name = Main.storyboard;
			sourceTree = "<group>";
		};
		2C5DF532273B377A00888E65 /* LaunchScreen.storyboard */ = {
			isa = PBXVariantGroup;
			children = (
				2C5DF533273B377A00888E65 /* Base */,
			);
			name = LaunchScreen.storyboard;
			sourceTree = "<group>";
		};
/* End PBXVariantGroup section */

/* Begin XCBuildConfiguration section */
		2C5DF536273B377A00888E65 /* Debug */ = {
			isa = XCBuildConfiguration;
			buildSettings = {
				ALWAYS_SEARCH_USER_PATHS = NO;
				CLANG_ANALYZER_NONNULL = YES;
				CLANG_ANALYZER_NUMBER_OBJECT_CONVERSION = YES_AGGRESSIVE;
				CLANG_CXX_LANGUAGE_STANDARD = "gnu++17";
				CLANG_CXX_LIBRARY = "libc++";
				CLANG_ENABLE_MODULES = YES;
				CLANG_ENABLE_OBJC_ARC = YES;
				CLANG_ENABLE_OBJC_WEAK = YES;
				CLANG_WARN_BLOCK_CAPTURE_AUTORELEASING = YES;
				CLANG_WARN_BOOL_CONVERSION = YES;
				CLANG_WARN_COMMA = YES;
				CLANG_WARN_CONSTANT_CONVERSION = YES;
				CLANG_WARN_DEPRECATED_OBJC_IMPLEMENTATIONS = YES;
				CLANG_WARN_DIRECT_OBJC_ISA_USAGE = YES_ERROR;
				CLANG_WARN_DOCUMENTATION_COMMENTS = YES;
				CLANG_WARN_EMPTY_BODY = YES;
				CLANG_WARN_ENUM_CONVERSION = YES;
				CLANG_WARN_INFINITE_RECURSION = YES;
				CLANG_WARN_INT_CONVERSION = YES;
				CLANG_WARN_NON_LITERAL_NULL_CONVERSION = YES;
				CLANG_WARN_OBJC_IMPLICIT_RETAIN_SELF = YES;
				CLANG_WARN_OBJC_LITERAL_CONVERSION = YES;
				CLANG_WARN_OBJC_ROOT_CLASS = YES_ERROR;
				CLANG_WARN_QUOTED_INCLUDE_IN_FRAMEWORK_HEADER = YES;
				CLANG_WARN_RANGE_LOOP_ANALYSIS = YES;
				CLANG_WARN_STRICT_PROTOTYPES = YES;
				CLANG_WARN_SUSPICIOUS_MOVE = YES;
				CLANG_WARN_UNGUARDED_AVAILABILITY = YES_AGGRESSIVE;
				CLANG_WARN_UNREACHABLE_CODE = YES;
				CLANG_WARN__DUPLICATE_METHOD_MATCH = YES;
				COPY_PHASE_STRIP = NO;
				DEBUG_INFORMATION_FORMAT = dwarf;
				ENABLE_STRICT_OBJC_MSGSEND = YES;
				ENABLE_TESTABILITY = YES;
				GCC_C_LANGUAGE_STANDARD = gnu11;
				GCC_DYNAMIC_NO_PIC = NO;
				GCC_NO_COMMON_BLOCKS = YES;
				GCC_OPTIMIZATION_LEVEL = 0;
				GCC_PREPROCESSOR_DEFINITIONS = (
					"DEBUG=1",
					"$(inherited)",
				);
				GCC_WARN_64_TO_32_BIT_CONVERSION = YES;
				GCC_WARN_ABOUT_RETURN_TYPE = YES_ERROR;
				GCC_WARN_UNDECLARED_SELECTOR = YES;
				GCC_WARN_UNINITIALIZED_AUTOS = YES_AGGRESSIVE;
				GCC_WARN_UNUSED_FUNCTION = YES;
				GCC_WARN_UNUSED_VARIABLE = YES;
				IPHONEOS_DEPLOYMENT_TARGET = 15.0;
				MTL_ENABLE_DEBUG_INFO = INCLUDE_SOURCE;
				MTL_FAST_MATH = YES;
				ONLY_ACTIVE_ARCH = YES;
				SDKROOT = iphoneos;
				SWIFT_ACTIVE_COMPILATION_CONDITIONS = DEBUG;
				SWIFT_OPTIMIZATION_LEVEL = "-Onone";
			};
			name = Debug;
		};
		2C5DF537273B377A00888E65 /* Release */ = {
			isa = XCBuildConfiguration;
			buildSettings = {
				ALWAYS_SEARCH_USER_PATHS = NO;
				CLANG_ANALYZER_NONNULL = YES;
				CLANG_ANALYZER_NUMBER_OBJECT_CONVERSION = YES_AGGRESSIVE;
				CLANG_CXX_LANGUAGE_STANDARD = "gnu++17";
				CLANG_CXX_LIBRARY = "libc++";
				CLANG_ENABLE_MODULES = YES;
				CLANG_ENABLE_OBJC_ARC = YES;
				CLANG_ENABLE_OBJC_WEAK = YES;
				CLANG_WARN_BLOCK_CAPTURE_AUTORELEASING = YES;
				CLANG_WARN_BOOL_CONVERSION = YES;
				CLANG_WARN_COMMA = YES;
				CLANG_WARN_CONSTANT_CONVERSION = YES;
				CLANG_WARN_DEPRECATED_OBJC_IMPLEMENTATIONS = YES;
				CLANG_WARN_DIRECT_OBJC_ISA_USAGE = YES_ERROR;
				CLANG_WARN_DOCUMENTATION_COMMENTS = YES;
				CLANG_WARN_EMPTY_BODY = YES;
				CLANG_WARN_ENUM_CONVERSION = YES;
				CLANG_WARN_INFINITE_RECURSION = YES;
				CLANG_WARN_INT_CONVERSION = YES;
				CLANG_WARN_NON_LITERAL_NULL_CONVERSION = YES;
				CLANG_WARN_OBJC_IMPLICIT_RETAIN_SELF = YES;
				CLANG_WARN_OBJC_LITERAL_CONVERSION = YES;
				CLANG_WARN_OBJC_ROOT_CLASS = YES_ERROR;
				CLANG_WARN_QUOTED_INCLUDE_IN_FRAMEWORK_HEADER = YES;
				CLANG_WARN_RANGE_LOOP_ANALYSIS = YES;
				CLANG_WARN_STRICT_PROTOTYPES = YES;
				CLANG_WARN_SUSPICIOUS_MOVE = YES;
				CLANG_WARN_UNGUARDED_AVAILABILITY = YES_AGGRESSIVE;
				CLANG_WARN_UNREACHABLE_CODE = YES;
				CLANG_WARN__DUPLICATE_METHOD_MATCH = YES;
				COPY_PHASE_STRIP = NO;
				DEBUG_INFORMATION_FORMAT = "dwarf-with-dsym";
				ENABLE_NS_ASSERTIONS = NO;
				ENABLE_STRICT_OBJC_MSGSEND = YES;
				GCC_C_LANGUAGE_STANDARD = gnu11;
				GCC_NO_COMMON_BLOCKS = YES;
				GCC_WARN_64_TO_32_BIT_CONVERSION = YES;
				GCC_WARN_ABOUT_RETURN_TYPE = YES_ERROR;
				GCC_WARN_UNDECLARED_SELECTOR = YES;
				GCC_WARN_UNINITIALIZED_AUTOS = YES_AGGRESSIVE;
				GCC_WARN_UNUSED_FUNCTION = YES;
				GCC_WARN_UNUSED_VARIABLE = YES;
				IPHONEOS_DEPLOYMENT_TARGET = 15.0;
				MTL_ENABLE_DEBUG_INFO = NO;
				MTL_FAST_MATH = YES;
				SDKROOT = iphoneos;
				SWIFT_COMPILATION_MODE = wholemodule;
				SWIFT_OPTIMIZATION_LEVEL = "-O";
				VALIDATE_PRODUCT = YES;
			};
			name = Release;
		};
		2C5DF539273B377A00888E65 /* Debug */ = {
			isa = XCBuildConfiguration;
			buildSettings = {
				ASSETCATALOG_COMPILER_APPICON_NAME = AppIcon;
				ASSETCATALOG_COMPILER_GLOBAL_ACCENT_COLOR_NAME = AccentColor;
				CODE_SIGN_STYLE = Automatic;
				CURRENT_PROJECT_VERSION = 1;
				DEVELOPMENT_TEAM = 69S65245DU;
				GENERATE_INFOPLIST_FILE = YES;
				INFOPLIST_FILE = "AnimalQuiz/Supporting Files/Info.plist";
				INFOPLIST_KEY_UIApplicationSupportsIndirectInputEvents = YES;
				INFOPLIST_KEY_UILaunchStoryboardName = LaunchScreen;
				INFOPLIST_KEY_UIMainStoryboardFile = Main;
				INFOPLIST_KEY_UISupportedInterfaceOrientations = "";
				INFOPLIST_KEY_UISupportedInterfaceOrientations_iPad = "UIInterfaceOrientationPortrait UIInterfaceOrientationPortraitUpsideDown UIInterfaceOrientationLandscapeLeft UIInterfaceOrientationLandscapeRight";
				INFOPLIST_KEY_UISupportedInterfaceOrientations_iPhone = "UIInterfaceOrientationPortrait UIInterfaceOrientationLandscapeLeft UIInterfaceOrientationLandscapeRight";
				LD_RUNPATH_SEARCH_PATHS = (
					"$(inherited)",
					"@executable_path/Frameworks",
				);
				MARKETING_VERSION = 1.0;
				PRODUCT_BUNDLE_IDENTIFIER = choney.AnimalQuiz;
				PRODUCT_NAME = "$(TARGET_NAME)";
				SWIFT_EMIT_LOC_STRINGS = YES;
				SWIFT_VERSION = 5.0;
				TARGETED_DEVICE_FAMILY = 1;
			};
			name = Debug;
		};
		2C5DF53A273B377A00888E65 /* Release */ = {
			isa = XCBuildConfiguration;
			buildSettings = {
				ASSETCATALOG_COMPILER_APPICON_NAME = AppIcon;
				ASSETCATALOG_COMPILER_GLOBAL_ACCENT_COLOR_NAME = AccentColor;
				CODE_SIGN_STYLE = Automatic;
				CURRENT_PROJECT_VERSION = 1;
				DEVELOPMENT_TEAM = 69S65245DU;
				GENERATE_INFOPLIST_FILE = YES;
				INFOPLIST_FILE = "AnimalQuiz/Supporting Files/Info.plist";
				INFOPLIST_KEY_UIApplicationSupportsIndirectInputEvents = YES;
				INFOPLIST_KEY_UILaunchStoryboardName = LaunchScreen;
				INFOPLIST_KEY_UIMainStoryboardFile = Main;
				INFOPLIST_KEY_UISupportedInterfaceOrientations = "";
				INFOPLIST_KEY_UISupportedInterfaceOrientations_iPad = "UIInterfaceOrientationPortrait UIInterfaceOrientationPortraitUpsideDown UIInterfaceOrientationLandscapeLeft UIInterfaceOrientationLandscapeRight";
				INFOPLIST_KEY_UISupportedInterfaceOrientations_iPhone = "UIInterfaceOrientationPortrait UIInterfaceOrientationLandscapeLeft UIInterfaceOrientationLandscapeRight";
				LD_RUNPATH_SEARCH_PATHS = (
					"$(inherited)",
					"@executable_path/Frameworks",
				);
				MARKETING_VERSION = 1.0;
				PRODUCT_BUNDLE_IDENTIFIER = choney.AnimalQuiz;
				PRODUCT_NAME = "$(TARGET_NAME)";
				SWIFT_EMIT_LOC_STRINGS = YES;
				SWIFT_VERSION = 5.0;
				TARGETED_DEVICE_FAMILY = 1;
			};
			name = Release;
		};
/* End XCBuildConfiguration section */

/* Begin XCConfigurationList section */
		2C5DF51F273B377800888E65 /* Build configuration list for PBXProject "AnimalQuiz" */ = {
			isa = XCConfigurationList;
			buildConfigurations = (
				2C5DF536273B377A00888E65 /* Debug */,
				2C5DF537273B377A00888E65 /* Release */,
			);
			defaultConfigurationIsVisible = 0;
			defaultConfigurationName = Release;
		};
		2C5DF538273B377A00888E65 /* Build configuration list for PBXNativeTarget "AnimalQuiz" */ = {
			isa = XCConfigurationList;
			buildConfigurations = (
				2C5DF539273B377A00888E65 /* Debug */,
				2C5DF53A273B377A00888E65 /* Release */,
			);
			defaultConfigurationIsVisible = 0;
			defaultConfigurationName = Release;
		};
/* End XCConfigurationList section */
	};
	rootObject = 2C5DF51C273B377800888E65 /* Project object */;
}
